
Microsoft Visual Studio Solution File, Format Version 12.00
# Visual Studio Version 16
VisualStudioVersion = 16.0.31624.102
MinimumVisualStudioVersion = 10.0.40219.1
Project("{9A19103F-16F7-4668-BE54-9A1E7A4F7556}") = "UdemyRabbitMQ.Publisher", "UdemyRabbitMQ.Publisher\UdemyRabbitMQ.Publisher.csproj", "{0313C42E-36F6-4F18-8094-0DF81CF4CD04}"
EndProject
Project("{9A19103F-16F7-4668-BE54-9A1E7A4F7556}") = "UdemyRabbitMQ.Subscriber", "UdemyRabbitMQ.Subscriber\UdemyRabbitMQ.Subscriber.csproj", "{1BBB7D19-8544-40D9-ABD7-354ADA9173A9}"
EndProject
Project("{9A19103F-16F7-4668-BE54-9A1E7A4F7556}") = "Shared", "Shared\Shared.csproj", "{B66F78D1-BA95-4978-BE95-31E78E55822F}"
EndProject
Project("{9A19103F-16F7-4668-BE54-9A1E7A4F7556}") = "UdemyRabbitMQWeb.WatermarkApp", "UdemyRabbitMQWeb.WatermarkApp\UdemyRabbitMQWeb.WatermarkApp.csproj", "{2E343450-8399-45C0-885D-7BD06D7BBC1D}"
EndProject
Project("{9A19103F-16F7-4668-BE54-9A1E7A4F7556}") = "UdemyRabbitMQWeb.ExcelCreate", "UdemyRabbitMQWeb.ExcelCreate\UdemyRabbitMQWeb.ExcelCreate.csproj", "{272B0EB7-E5DD-4E49-871C-40510B2C5FE9}"
EndProject
Project("{FAE04EC0-301F-11D3-BF4B-00C04F79EFBC}") = "FileCreateWorkerService", "FileCreateWorkerService\FileCreateWorkerService.csproj", "{0CC3BED5-FBDD-4A9F-B5F2-C04C5CC3AC89}"
EndProject
Global
	GlobalSection(SolutionConfigurationPlatforms) = preSolution
		Debug|Any CPU = Debug|Any CPU
		Release|Any CPU = Release|Any CPU
	EndGlobalSection
	GlobalSection(ProjectConfigurationPlatforms) = postSolution
		{0313C42E-36F6-4F18-8094-0DF81CF4CD04}.Debug|Any CPU.ActiveCfg = Debug|Any CPU
		{0313C42E-36F6-4F18-8094-0DF81CF4CD04}.Debug|Any CPU.Build.0 = Debug|Any CPU
		{0313C42E-36F6-4F18-8094-0DF81CF4CD04}.Release|Any CPU.ActiveCfg = Release|Any CPU
		{0313C42E-36F6-4F18-8094-0DF81CF4CD04}.Release|Any CPU.Build.0 = Release|Any CPU
		{1BBB7D19-8544-40D9-ABD7-354ADA9173A9}.Debug|Any CPU.ActiveCfg = Debug|Any CPU
		{1BBB7D19-8544-40D9-ABD7-354ADA9173A9}.Debug|Any CPU.Build.0 = Debug|Any CPU
		{1BBB7D19-8544-40D9-ABD7-354ADA9173A9}.Release|Any CPU.ActiveCfg = Release|Any CPU
		{1BBB7D19-8544-40D9-ABD7-354ADA9173A9}.Release|Any CPU.Build.0 = Release|Any CPU
		{B66F78D1-BA95-4978-BE95-31E78E55822F}.Debug|Any CPU.ActiveCfg = Debug|Any CPU
		{B66F78D1-BA95-4978-BE95-31E78E55822F}.Debug|Any CPU.Build.0 = Debug|Any CPU
		{B66F78D1-BA95-4978-BE95-31E78E55822F}.Release|Any CPU.ActiveCfg = Release|Any CPU
		{B66F78D1-BA95-4978-BE95-31E78E55822F}.Release|Any CPU.Build.0 = Release|Any CPU
		{2E343450-8399-45C0-885D-7BD06D7BBC1D}.Debug|Any CPU.ActiveCfg = Debug|Any CPU
		{2E343450-8399-45C0-885D-7BD06D7BBC1D}.Debug|Any CPU.Build.0 = Debug|Any CPU
		{2E343450-8399-45C0-885D-7BD06D7BBC1D}.Release|Any CPU.ActiveCfg = Release|Any CPU
		{2E343450-8399-45C0-885D-7BD06D7BBC1D}.Release|Any CPU.Build.0 = Release|Any CPU
		{272B0EB7-E5DD-4E49-871C-40510B2C5FE9}.Debug|Any CPU.ActiveCfg = Debug|Any CPU
		{272B0EB7-E5DD-4E49-871C-40510B2C5FE9}.Debug|Any CPU.Build.0 = Debug|Any CPU
		{272B0EB7-E5DD-4E49-871C-40510B2C5FE9}.Release|Any CPU.ActiveCfg = Release|Any CPU
		{272B0EB7-E5DD-4E49-871C-40510B2C5FE9}.Release|Any CPU.Build.0 = Release|Any CPU
		{0CC3BED5-FBDD-4A9F-B5F2-C04C5CC3AC89}.Debug|Any CPU.ActiveCfg = Debug|Any CPU
		{0CC3BED5-FBDD-4A9F-B5F2-C04C5CC3AC89}.Debug|Any CPU.Build.0 = Debug|Any CPU
		{0CC3BED5-FBDD-4A9F-B5F2-C04C5CC3AC89}.Release|Any CPU.ActiveCfg = Release|Any CPU
		{0CC3BED5-FBDD-4A9F-B5F2-C04C5CC3AC89}.Release|Any CPU.Build.0 = Release|Any CPU
	EndGlobalSection
	GlobalSection(SolutionProperties) = preSolution
		HideSolutionNode = FALSE
	EndGlobalSection
	GlobalSection(ExtensibilityGlobals) = postSolution
		SolutionGuid = {F2C72D02-B79D-46A0-990D-57172279A410}
	EndGlobalSection
EndGlobal
